// !$*UTF8*$!
{
	archiveVersion = 1;
	classes = {
	};
	objectVersion = 46;
	objects = {

/* Begin PBXBuildFile section */
		0CF7A4971D329815008FBC98 /* main.m in Sources */ = {isa = PBXBuildFile; fileRef = 0CF7A4961D329815008FBC98 /* main.m */; };
		0CF7A49A1D329815008FBC98 /* AppDelegate.m in Sources */ = {isa = PBXBuildFile; fileRef = 0CF7A4991D329815008FBC98 /* AppDelegate.m */; };
		8522AC871DD4509A00222178 /* LaunchScreen.storyboard in Resources */ = {isa = PBXBuildFile; fileRef = 8522AC831DD4509A00222178 /* LaunchScreen.storyboard */; };
		8522AC881DD4509A00222178 /* Main.storyboard in Resources */ = {isa = PBXBuildFile; fileRef = 8522AC851DD4509A00222178 /* Main.storyboard */; };
		86050DC91DFE159400FB05A3 /* Test.m in Sources */ = {isa = PBXBuildFile; fileRef = 86050DC81DFE159400FB05A3 /* Test.m */; };
		86050DEB1DFE1B2700FB05A3 /* MainTest.m in Sources */ = {isa = PBXBuildFile; fileRef = 86050DEA1DFE1B2700FB05A3 /* MainTest.m */; };
		862B08A31E11017A00890BCD /* RankingListAdvisersViewCell.m in Sources */ = {isa = PBXBuildFile; fileRef = 862B08A21E11017A00890BCD /* RankingListAdvisersViewCell.m */; };
		862B08A91E1119C000890BCD /* RankingListAdvisersCell.m in Sources */ = {isa = PBXBuildFile; fileRef = 862B08A81E1119C000890BCD /* RankingListAdvisersCell.m */; };
		862BD3591E1AE8AE0007E87E /* MeViewController.xib in Resources */ = {isa = PBXBuildFile; fileRef = 862BD3581E1AE8AE0007E87E /* MeViewController.xib */; };
		862CCDCE1E126DA3001C972E /* RankingListSearch.m in Sources */ = {isa = PBXBuildFile; fileRef = 862CCDCD1E126DA3001C972E /* RankingListSearch.m */; };
		862CCDD61E12A350001C972E /* RankingListHeaderModel.m in Sources */ = {isa = PBXBuildFile; fileRef = 862CCDD51E12A350001C972E /* RankingListHeaderModel.m */; };
		8635A5CC1E13D8EE0016EEFA /* RankingListHeaderViewController.m in Sources */ = {isa = PBXBuildFile; fileRef = 8635A5CB1E13D8EE0016EEFA /* RankingListHeaderViewController.m */; };
		8639ABF11E152EC400F7EDC8 /* RankingListHeaderViewCell.m in Sources */ = {isa = PBXBuildFile; fileRef = 8639ABF01E152EC400F7EDC8 /* RankingListHeaderViewCell.m */; };
		8639ABF41E1534CE00F7EDC8 /* RankingListHeaderViewModel.m in Sources */ = {isa = PBXBuildFile; fileRef = 8639ABF31E1534CE00F7EDC8 /* RankingListHeaderViewModel.m */; };
		86BFCB011E0CD89D004F4C69 /* RankingListMainViewModel.m in Sources */ = {isa = PBXBuildFile; fileRef = 86BFCB001E0CD89D004F4C69 /* RankingListMainViewModel.m */; };
		86BFCB031E0CD914004F4C69 /* Assets.xcassets in Resources */ = {isa = PBXBuildFile; fileRef = 86BFCB021E0CD914004F4C69 /* Assets.xcassets */; };
		86BFCB111E0CD935004F4C69 /* AboutMe.PNG in Resources */ = {isa = PBXBuildFile; fileRef = 86BFCB051E0CD935004F4C69 /* AboutMe.PNG */; };
		86BFCB121E0CD935004F4C69 /* AboutMe01.PNG in Resources */ = {isa = PBXBuildFile; fileRef = 86BFCB061E0CD935004F4C69 /* AboutMe01.PNG */; };
		86BFCB131E0CD935004F4C69 /* Global.PNG in Resources */ = {isa = PBXBuildFile; fileRef = 86BFCB071E0CD935004F4C69 /* Global.PNG */; };
		86BFCB141E0CD935004F4C69 /* Global01.PNG in Resources */ = {isa = PBXBuildFile; fileRef = 86BFCB081E0CD935004F4C69 /* Global01.PNG */; };
		86BFCB151E0CD935004F4C69 /* login.PNG in Resources */ = {isa = PBXBuildFile; fileRef = 86BFCB091E0CD935004F4C69 /* login.PNG */; };
		86BFCB161E0CD935004F4C69 /* Main.PNG in Resources */ = {isa = PBXBuildFile; fileRef = 86BFCB0A1E0CD935004F4C69 /* Main.PNG */; };
		86BFCB171E0CD935004F4C69 /* Main01.PNG in Resources */ = {isa = PBXBuildFile; fileRef = 86BFCB0B1E0CD935004F4C69 /* Main01.PNG */; };
		86BFCB181E0CD935004F4C69 /* Main03.PNG in Resources */ = {isa = PBXBuildFile; fileRef = 86BFCB0C1E0CD935004F4C69 /* Main03.PNG */; };
		86BFCB191E0CD935004F4C69 /* RankingList.PNG in Resources */ = {isa = PBXBuildFile; fileRef = 86BFCB0D1E0CD935004F4C69 /* RankingList.PNG */; };
		86BFCB1A1E0CD935004F4C69 /* RankingList01.PNG in Resources */ = {isa = PBXBuildFile; fileRef = 86BFCB0E1E0CD935004F4C69 /* RankingList01.PNG */; };
		86BFCB1B1E0CD935004F4C69 /* Regist01.PNG in Resources */ = {isa = PBXBuildFile; fileRef = 86BFCB0F1E0CD935004F4C69 /* Regist01.PNG */; };
		86BFCB1C1E0CD935004F4C69 /* Register.PNG in Resources */ = {isa = PBXBuildFile; fileRef = 86BFCB101E0CD935004F4C69 /* Register.PNG */; };
		86BFCB281E0CD9C1004F4C69 /* BaseNetManager.m in Sources */ = {isa = PBXBuildFile; fileRef = 86BFCB251E0CD9C1004F4C69 /* BaseNetManager.m */; };
		86BFCB291E0CD9C1004F4C69 /* NetManager.m in Sources */ = {isa = PBXBuildFile; fileRef = 86BFCB271E0CD9C1004F4C69 /* NetManager.m */; };
		86BFCB331E0CDA2E004F4C69 /* NSObject+Parse.m in Sources */ = {isa = PBXBuildFile; fileRef = 86BFCB2E1E0CDA2E004F4C69 /* NSObject+Parse.m */; };
		86BFCB341E0CDA2E004F4C69 /* NSString+YX.m in Sources */ = {isa = PBXBuildFile; fileRef = 86BFCB301E0CDA2E004F4C69 /* NSString+YX.m */; };
		86BFCB351E0CDA2E004F4C69 /* UIView+HUD.m in Sources */ = {isa = PBXBuildFile; fileRef = 86BFCB321E0CDA2E004F4C69 /* UIView+HUD.m */; };
		86BFCB491E0CDA54004F4C69 /* MeiLaCell.m in Sources */ = {isa = PBXBuildFile; fileRef = 86BFCB381E0CDA54004F4C69 /* MeiLaCell.m */; };
		86BFCB4A1E0CDA54004F4C69 /* RankingListFeatureCell.m in Sources */ = {isa = PBXBuildFile; fileRef = 86BFCB3C1E0CDA54004F4C69 /* RankingListFeatureCell.m */; };
		86BFCB4B1E0CDA54004F4C69 /* RankingListIcon.m in Sources */ = {isa = PBXBuildFile; fileRef = 86BFCB3E1E0CDA54004F4C69 /* RankingListIcon.m */; };
		86BFCB4C1E0CDA54004F4C69 /* RankingListKindViewCell.m in Sources */ = {isa = PBXBuildFile; fileRef = 86BFCB401E0CDA54004F4C69 /* RankingListKindViewCell.m */; };
		86BFCB4D1E0CDA54004F4C69 /* RankingListMainCell.m in Sources */ = {isa = PBXBuildFile; fileRef = 86BFCB421E0CDA54004F4C69 /* RankingListMainCell.m */; };
		86BFCB4E1E0CDA54004F4C69 /* RankingListNationsViewCell.m in Sources */ = {isa = PBXBuildFile; fileRef = 86BFCB441E0CDA54004F4C69 /* RankingListNationsViewCell.m */; };
		86BFCB4F1E0CDA54004F4C69 /* RankingListTopCell.m in Sources */ = {isa = PBXBuildFile; fileRef = 86BFCB461E0CDA54004F4C69 /* RankingListTopCell.m */; };
		86BFCB501E0CDA54004F4C69 /* RankingListTopUVCell.m in Sources */ = {isa = PBXBuildFile; fileRef = 86BFCB481E0CDA54004F4C69 /* RankingListTopUVCell.m */; };
		86BFCB621E0CDA9F004F4C69 /* BeautifyViewController.m in Sources */ = {isa = PBXBuildFile; fileRef = 86BFCB541E0CDA9F004F4C69 /* BeautifyViewController.m */; };
		86BFCB631E0CDA9F004F4C69 /* GlobalViewController.m in Sources */ = {isa = PBXBuildFile; fileRef = 86BFCB571E0CDA9F004F4C69 /* GlobalViewController.m */; };
		86BFCB641E0CDA9F004F4C69 /* MainTabbar.m in Sources */ = {isa = PBXBuildFile; fileRef = 86BFCB5A1E0CDA9F004F4C69 /* MainTabbar.m */; };
		86BFCB651E0CDA9F004F4C69 /* MeViewController.m in Sources */ = {isa = PBXBuildFile; fileRef = 86BFCB5D1E0CDA9F004F4C69 /* MeViewController.m */; };
		86BFCB671E0CDA9F004F4C69 /* RankingListVC.m in Sources */ = {isa = PBXBuildFile; fileRef = 86BFCB611E0CDA9F004F4C69 /* RankingListVC.m */; };
		86BFCB6F1E0CDAE4004F4C69 /* BeautifulModel.m in Sources */ = {isa = PBXBuildFile; fileRef = 86BFCB6A1E0CDAE4004F4C69 /* BeautifulModel.m */; };
		86BFCB701E0CDAE4004F4C69 /* RankingListMainModel.m in Sources */ = {isa = PBXBuildFile; fileRef = 86BFCB6E1E0CDAE4004F4C69 /* RankingListMainModel.m */; };
		E2E761FC597D9BCD5FACF502 /* libPods-TRProject.a in Frameworks */ = {isa = PBXBuildFile; fileRef = 02DBBB46E6BF364BA46F8C9B /* libPods-TRProject.a */; };
/* End PBXBuildFile section */

/* Begin PBXFileReference section */
		02DBBB46E6BF364BA46F8C9B /* libPods-TRProject.a */ = {isa = PBXFileReference; explicitFileType = archive.ar; includeInIndex = 0; path = "libPods-TRProject.a"; sourceTree = BUILT_PRODUCTS_DIR; };
		0CF7A4921D329815008FBC98 /* TRProject.app */ = {isa = PBXFileReference; explicitFileType = wrapper.application; includeInIndex = 0; path = TRProject.app; sourceTree = BUILT_PRODUCTS_DIR; };
		0CF7A4961D329815008FBC98 /* main.m */ = {isa = PBXFileReference; lastKnownFileType = sourcecode.c.objc; path = main.m; sourceTree = "<group>"; };
		0CF7A4981D329815008FBC98 /* AppDelegate.h */ = {isa = PBXFileReference; lastKnownFileType = sourcecode.c.h; path = AppDelegate.h; sourceTree = "<group>"; };
		0CF7A4991D329815008FBC98 /* AppDelegate.m */ = {isa = PBXFileReference; lastKnownFileType = sourcecode.c.objc; path = AppDelegate.m; sourceTree = "<group>"; };
		0CF7A4A61D329815008FBC98 /* Info.plist */ = {isa = PBXFileReference; lastKnownFileType = text.plist.xml; path = Info.plist; sourceTree = "<group>"; };
		8522AC841DD4509A00222178 /* Base */ = {isa = PBXFileReference; lastKnownFileType = file.storyboard; name = Base; path = Base.lproj/LaunchScreen.storyboard; sourceTree = "<group>"; };
		8522AC861DD4509A00222178 /* Base */ = {isa = PBXFileReference; lastKnownFileType = file.storyboard; name = Base; path = Base.lproj/Main.storyboard; sourceTree = "<group>"; };
		86050DC71DFE159400FB05A3 /* Test.h */ = {isa = PBXFileReference; fileEncoding = 4; lastKnownFileType = sourcecode.c.h; path = Test.h; sourceTree = "<group>"; };
		86050DC81DFE159400FB05A3 /* Test.m */ = {isa = PBXFileReference; fileEncoding = 4; lastKnownFileType = sourcecode.c.objc; path = Test.m; sourceTree = "<group>"; };
		86050DE91DFE1B2700FB05A3 /* MainTest.h */ = {isa = PBXFileReference; fileEncoding = 4; lastKnownFileType = sourcecode.c.h; path = MainTest.h; sourceTree = "<group>"; };
		86050DEA1DFE1B2700FB05A3 /* MainTest.m */ = {isa = PBXFileReference; fileEncoding = 4; lastKnownFileType = sourcecode.c.objc; path = MainTest.m; sourceTree = "<group>"; };
		862B08A11E11017A00890BCD /* RankingListAdvisersViewCell.h */ = {isa = PBXFileReference; fileEncoding = 4; lastKnownFileType = sourcecode.c.h; path = RankingListAdvisersViewCell.h; sourceTree = "<group>"; };
		862B08A21E11017A00890BCD /* RankingListAdvisersViewCell.m */ = {isa = PBXFileReference; fileEncoding = 4; lastKnownFileType = sourcecode.c.objc; path = RankingListAdvisersViewCell.m; sourceTree = "<group>"; };
		862B08A71E1119C000890BCD /* RankingListAdvisersCell.h */ = {isa = PBXFileReference; fileEncoding = 4; lastKnownFileType = sourcecode.c.h; path = RankingListAdvisersCell.h; sourceTree = "<group>"; };
		862B08A81E1119C000890BCD /* RankingListAdvisersCell.m */ = {isa = PBXFileReference; fileEncoding = 4; lastKnownFileType = sourcecode.c.objc; path = RankingListAdvisersCell.m; sourceTree = "<group>"; };
		862BD3581E1AE8AE0007E87E /* MeViewController.xib */ = {isa = PBXFileReference; fileEncoding = 4; lastKnownFileType = file.xib; path = MeViewController.xib; sourceTree = "<group>"; };
		862CCDCC1E126DA3001C972E /* RankingListSearch.h */ = {isa = PBXFileReference; fileEncoding = 4; lastKnownFileType = sourcecode.c.h; path = RankingListSearch.h; sourceTree = "<group>"; };
		862CCDCD1E126DA3001C972E /* RankingListSearch.m */ = {isa = PBXFileReference; fileEncoding = 4; lastKnownFileType = sourcecode.c.objc; path = RankingListSearch.m; sourceTree = "<group>"; };
		862CCDD41E12A350001C972E /* RankingListHeaderModel.h */ = {isa = PBXFileReference; fileEncoding = 4; lastKnownFileType = sourcecode.c.h; path = RankingListHeaderModel.h; sourceTree = "<group>"; };
		862CCDD51E12A350001C972E /* RankingListHeaderModel.m */ = {isa = PBXFileReference; fileEncoding = 4; lastKnownFileType = sourcecode.c.objc; path = RankingListHeaderModel.m; sourceTree = "<group>"; };
		8635A5CA1E13D8EE0016EEFA /* RankingListHeaderViewController.h */ = {isa = PBXFileReference; fileEncoding = 4; lastKnownFileType = sourcecode.c.h; path = RankingListHeaderViewController.h; sourceTree = "<group>"; };
		8635A5CB1E13D8EE0016EEFA /* RankingListHeaderViewController.m */ = {isa = PBXFileReference; fileEncoding = 4; lastKnownFileType = sourcecode.c.objc; path = RankingListHeaderViewController.m; sourceTree = "<group>"; };
		8639ABEF1E152EC400F7EDC8 /* RankingListHeaderViewCell.h */ = {isa = PBXFileReference; fileEncoding = 4; lastKnownFileType = sourcecode.c.h; path = RankingListHeaderViewCell.h; sourceTree = "<group>"; };
		8639ABF01E152EC400F7EDC8 /* RankingListHeaderViewCell.m */ = {isa = PBXFileReference; fileEncoding = 4; lastKnownFileType = sourcecode.c.objc; path = RankingListHeaderViewCell.m; sourceTree = "<group>"; };
		8639ABF21E1534CE00F7EDC8 /* RankingListHeaderViewModel.h */ = {isa = PBXFileReference; fileEncoding = 4; lastKnownFileType = sourcecode.c.h; path = RankingListHeaderViewModel.h; sourceTree = "<group>"; };
		8639ABF31E1534CE00F7EDC8 /* RankingListHeaderViewModel.m */ = {isa = PBXFileReference; fileEncoding = 4; lastKnownFileType = sourcecode.c.objc; path = RankingListHeaderViewModel.m; sourceTree = "<group>"; };
		86BFCAFF1E0CD89D004F4C69 /* RankingListMainViewModel.h */ = {isa = PBXFileReference; fileEncoding = 4; lastKnownFileType = sourcecode.c.h; path = RankingListMainViewModel.h; sourceTree = "<group>"; };
		86BFCB001E0CD89D004F4C69 /* RankingListMainViewModel.m */ = {isa = PBXFileReference; fileEncoding = 4; lastKnownFileType = sourcecode.c.objc; path = RankingListMainViewModel.m; sourceTree = "<group>"; };
		86BFCB021E0CD914004F4C69 /* Assets.xcassets */ = {isa = PBXFileReference; lastKnownFileType = folder.assetcatalog; path = Assets.xcassets; sourceTree = "<group>"; };
		86BFCB051E0CD935004F4C69 /* AboutMe.PNG */ = {isa = PBXFileReference; lastKnownFileType = image.png; path = AboutMe.PNG; sourceTree = "<group>"; };
		86BFCB061E0CD935004F4C69 /* AboutMe01.PNG */ = {isa = PBXFileReference; lastKnownFileType = image.png; path = AboutMe01.PNG; sourceTree = "<group>"; };
		86BFCB071E0CD935004F4C69 /* Global.PNG */ = {isa = PBXFileReference; lastKnownFileType = image.png; path = Global.PNG; sourceTree = "<group>"; };
		86BFCB081E0CD935004F4C69 /* Global01.PNG */ = {isa = PBXFileReference; lastKnownFileType = image.png; path = Global01.PNG; sourceTree = "<group>"; };
		86BFCB091E0CD935004F4C69 /* login.PNG */ = {isa = PBXFileReference; lastKnownFileType = image.png; path = login.PNG; sourceTree = "<group>"; };
		86BFCB0A1E0CD935004F4C69 /* Main.PNG */ = {isa = PBXFileReference; lastKnownFileType = image.png; path = Main.PNG; sourceTree = "<group>"; };
		86BFCB0B1E0CD935004F4C69 /* Main01.PNG */ = {isa = PBXFileReference; lastKnownFileType = image.png; path = Main01.PNG; sourceTree = "<group>"; };
		86BFCB0C1E0CD935004F4C69 /* Main03.PNG */ = {isa = PBXFileReference; lastKnownFileType = image.png; path = Main03.PNG; sourceTree = "<group>"; };
		86BFCB0D1E0CD935004F4C69 /* RankingList.PNG */ = {isa = PBXFileReference; lastKnownFileType = image.png; path = RankingList.PNG; sourceTree = "<group>"; };
		86BFCB0E1E0CD935004F4C69 /* RankingList01.PNG */ = {isa = PBXFileReference; lastKnownFileType = image.png; path = RankingList01.PNG; sourceTree = "<group>"; };
		86BFCB0F1E0CD935004F4C69 /* Regist01.PNG */ = {isa = PBXFileReference; lastKnownFileType = image.png; path = Regist01.PNG; sourceTree = "<group>"; };
		86BFCB101E0CD935004F4C69 /* Register.PNG */ = {isa = PBXFileReference; lastKnownFileType = image.png; path = Register.PNG; sourceTree = "<group>"; };
		86BFCB241E0CD9C1004F4C69 /* BaseNetManager.h */ = {isa = PBXFileReference; fileEncoding = 4; lastKnownFileType = sourcecode.c.h; path = BaseNetManager.h; sourceTree = "<group>"; };
		86BFCB251E0CD9C1004F4C69 /* BaseNetManager.m */ = {isa = PBXFileReference; fileEncoding = 4; lastKnownFileType = sourcecode.c.objc; path = BaseNetManager.m; sourceTree = "<group>"; };
		86BFCB261E0CD9C1004F4C69 /* NetManager.h */ = {isa = PBXFileReference; fileEncoding = 4; lastKnownFileType = sourcecode.c.h; path = NetManager.h; sourceTree = "<group>"; };
		86BFCB271E0CD9C1004F4C69 /* NetManager.m */ = {isa = PBXFileReference; fileEncoding = 4; lastKnownFileType = sourcecode.c.objc; path = NetManager.m; sourceTree = "<group>"; };
		86BFCB2B1E0CD9FE004F4C69 /* Constant.h */ = {isa = PBXFileReference; fileEncoding = 4; lastKnownFileType = sourcecode.c.h; path = Constant.h; sourceTree = "<group>"; };
		86BFCB2D1E0CDA2E004F4C69 /* NSObject+Parse.h */ = {isa = PBXFileReference; fileEncoding = 4; lastKnownFileType = sourcecode.c.h; path = "NSObject+Parse.h"; sourceTree = "<group>"; };
		86BFCB2E1E0CDA2E004F4C69 /* NSObject+Parse.m */ = {isa = PBXFileReference; fileEncoding = 4; lastKnownFileType = sourcecode.c.objc; path = "NSObject+Parse.m"; sourceTree = "<group>"; };
		86BFCB2F1E0CDA2E004F4C69 /* NSString+YX.h */ = {isa = PBXFileReference; fileEncoding = 4; lastKnownFileType = sourcecode.c.h; path = "NSString+YX.h"; sourceTree = "<group>"; };
		86BFCB301E0CDA2E004F4C69 /* NSString+YX.m */ = {isa = PBXFileReference; fileEncoding = 4; lastKnownFileType = sourcecode.c.objc; path = "NSString+YX.m"; sourceTree = "<group>"; };
		86BFCB311E0CDA2E004F4C69 /* UIView+HUD.h */ = {isa = PBXFileReference; fileEncoding = 4; lastKnownFileType = sourcecode.c.h; path = "UIView+HUD.h"; sourceTree = "<group>"; };
		86BFCB321E0CDA2E004F4C69 /* UIView+HUD.m */ = {isa = PBXFileReference; fileEncoding = 4; lastKnownFileType = sourcecode.c.objc; path = "UIView+HUD.m"; sourceTree = "<group>"; };
		86BFCB371E0CDA54004F4C69 /* MeiLaCell.h */ = {isa = PBXFileReference; fileEncoding = 4; lastKnownFileType = sourcecode.c.h; path = MeiLaCell.h; sourceTree = "<group>"; };
		86BFCB381E0CDA54004F4C69 /* MeiLaCell.m */ = {isa = PBXFileReference; fileEncoding = 4; lastKnownFileType = sourcecode.c.objc; path = MeiLaCell.m; sourceTree = "<group>"; };
		86BFCB3B1E0CDA54004F4C69 /* RankingListFeatureCell.h */ = {isa = PBXFileReference; fileEncoding = 4; lastKnownFileType = sourcecode.c.h; path = RankingListFeatureCell.h; sourceTree = "<group>"; };
		86BFCB3C1E0CDA54004F4C69 /* RankingListFeatureCell.m */ = {isa = PBXFileReference; fileEncoding = 4; lastKnownFileType = sourcecode.c.objc; path = RankingListFeatureCell.m; sourceTree = "<group>"; };
		86BFCB3D1E0CDA54004F4C69 /* RankingListIcon.h */ = {isa = PBXFileReference; fileEncoding = 4; lastKnownFileType = sourcecode.c.h; path = RankingListIcon.h; sourceTree = "<group>"; };
		86BFCB3E1E0CDA54004F4C69 /* RankingListIcon.m */ = {isa = PBXFileReference; fileEncoding = 4; lastKnownFileType = sourcecode.c.objc; path = RankingListIcon.m; sourceTree = "<group>"; };
		86BFCB3F1E0CDA54004F4C69 /* RankingListKindViewCell.h */ = {isa = PBXFileReference; fileEncoding = 4; lastKnownFileType = sourcecode.c.h; path = RankingListKindViewCell.h; sourceTree = "<group>"; };
		86BFCB401E0CDA54004F4C69 /* RankingListKindViewCell.m */ = {isa = PBXFileReference; fileEncoding = 4; lastKnownFileType = sourcecode.c.objc; path = RankingListKindViewCell.m; sourceTree = "<group>"; };
		86BFCB411E0CDA54004F4C69 /* RankingListMainCell.h */ = {isa = PBXFileReference; fileEncoding = 4; lastKnownFileType = sourcecode.c.h; path = RankingListMainCell.h; sourceTree = "<group>"; };
		86BFCB421E0CDA54004F4C69 /* RankingListMainCell.m */ = {isa = PBXFileReference; fileEncoding = 4; lastKnownFileType = sourcecode.c.objc; path = RankingListMainCell.m; sourceTree = "<group>"; };
		86BFCB431E0CDA54004F4C69 /* RankingListNationsViewCell.h */ = {isa = PBXFileReference; fileEncoding = 4; lastKnownFileType = sourcecode.c.h; path = RankingListNationsViewCell.h; sourceTree = "<group>"; };
		86BFCB441E0CDA54004F4C69 /* RankingListNationsViewCell.m */ = {isa = PBXFileReference; fileEncoding = 4; lastKnownFileType = sourcecode.c.objc; path = RankingListNationsViewCell.m; sourceTree = "<group>"; };
		86BFCB451E0CDA54004F4C69 /* RankingListTopCell.h */ = {isa = PBXFileReference; fileEncoding = 4; lastKnownFileType = sourcecode.c.h; path = RankingListTopCell.h; sourceTree = "<group>"; };
		86BFCB461E0CDA54004F4C69 /* RankingListTopCell.m */ = {isa = PBXFileReference; fileEncoding = 4; lastKnownFileType = sourcecode.c.objc; path = RankingListTopCell.m; sourceTree = "<group>"; };
		86BFCB471E0CDA54004F4C69 /* RankingListTopUVCell.h */ = {isa = PBXFileReference; fileEncoding = 4; lastKnownFileType = sourcecode.c.h; path = RankingListTopUVCell.h; sourceTree = "<group>"; };
		86BFCB481E0CDA54004F4C69 /* RankingListTopUVCell.m */ = {isa = PBXFileReference; fileEncoding = 4; lastKnownFileType = sourcecode.c.objc; path = RankingListTopUVCell.m; sourceTree = "<group>"; };
		86BFCB531E0CDA9F004F4C69 /* BeautifyViewController.h */ = {isa = PBXFileReference; fileEncoding = 4; lastKnownFileType = sourcecode.c.h; path = BeautifyViewController.h; sourceTree = "<group>"; };
		86BFCB541E0CDA9F004F4C69 /* BeautifyViewController.m */ = {isa = PBXFileReference; fileEncoding = 4; lastKnownFileType = sourcecode.c.objc; path = BeautifyViewController.m; sourceTree = "<group>"; };
		86BFCB561E0CDA9F004F4C69 /* GlobalViewController.h */ = {isa = PBXFileReference; fileEncoding = 4; lastKnownFileType = sourcecode.c.h; path = GlobalViewController.h; sourceTree = "<group>"; };
		86BFCB571E0CDA9F004F4C69 /* GlobalViewController.m */ = {isa = PBXFileReference; fileEncoding = 4; lastKnownFileType = sourcecode.c.objc; path = GlobalViewController.m; sourceTree = "<group>"; };
		86BFCB591E0CDA9F004F4C69 /* MainTabbar.h */ = {isa = PBXFileReference; fileEncoding = 4; lastKnownFileType = sourcecode.c.h; path = MainTabbar.h; sourceTree = "<group>"; };
		86BFCB5A1E0CDA9F004F4C69 /* MainTabbar.m */ = {isa = PBXFileReference; fileEncoding = 4; lastKnownFileType = sourcecode.c.objc; path = MainTabbar.m; sourceTree = "<group>"; };
		86BFCB5C1E0CDA9F004F4C69 /* MeViewController.h */ = {isa = PBXFileReference; fileEncoding = 4; lastKnownFileType = sourcecode.c.h; path = MeViewController.h; sourceTree = "<group>"; };
		86BFCB5D1E0CDA9F004F4C69 /* MeViewController.m */ = {isa = PBXFileReference; fileEncoding = 4; lastKnownFileType = sourcecode.c.objc; path = MeViewController.m; sourceTree = "<group>"; };
		86BFCB601E0CDA9F004F4C69 /* RankingListVC.h */ = {isa = PBXFileReference; fileEncoding = 4; lastKnownFileType = sourcecode.c.h; name = RankingListVC.h; path = ../RankingListVC.h; sourceTree = "<group>"; };
		86BFCB611E0CDA9F004F4C69 /* RankingListVC.m */ = {isa = PBXFileReference; fileEncoding = 4; lastKnownFileType = sourcecode.c.objc; name = RankingListVC.m; path = ../RankingListVC.m; sourceTree = "<group>"; };
		86BFCB691E0CDAE4004F4C69 /* BeautifulModel.h */ = {isa = PBXFileReference; fileEncoding = 4; lastKnownFileType = sourcecode.c.h; path = BeautifulModel.h; sourceTree = "<group>"; };
		86BFCB6A1E0CDAE4004F4C69 /* BeautifulModel.m */ = {isa = PBXFileReference; fileEncoding = 4; lastKnownFileType = sourcecode.c.objc; path = BeautifulModel.m; sourceTree = "<group>"; };
		86BFCB6D1E0CDAE4004F4C69 /* RankingListMainModel.h */ = {isa = PBXFileReference; fileEncoding = 4; lastKnownFileType = sourcecode.c.h; path = RankingListMainModel.h; sourceTree = "<group>"; };
		86BFCB6E1E0CDAE4004F4C69 /* RankingListMainModel.m */ = {isa = PBXFileReference; fileEncoding = 4; lastKnownFileType = sourcecode.c.objc; path = RankingListMainModel.m; sourceTree = "<group>"; };
		86BFCB711E0CDB1D004F4C69 /* PrefixHeader.pch */ = {isa = PBXFileReference; fileEncoding = 4; lastKnownFileType = sourcecode.c.h; path = PrefixHeader.pch; sourceTree = "<group>"; };
		A1DD1694CEFD692E69C0B93E /* Pods-TRProject.debug.xcconfig */ = {isa = PBXFileReference; includeInIndex = 1; lastKnownFileType = text.xcconfig; name = "Pods-TRProject.debug.xcconfig"; path = "Pods/Target Support Files/Pods-TRProject/Pods-TRProject.debug.xcconfig"; sourceTree = "<group>"; };
		F1FECE22787A15FBD4C7252B /* Pods-TRProject.release.xcconfig */ = {isa = PBXFileReference; includeInIndex = 1; lastKnownFileType = text.xcconfig; name = "Pods-TRProject.release.xcconfig"; path = "Pods/Target Support Files/Pods-TRProject/Pods-TRProject.release.xcconfig"; sourceTree = "<group>"; };
/* End PBXFileReference section */

/* Begin PBXFrameworksBuildPhase section */
		0CF7A48F1D329815008FBC98 /* Frameworks */ = {
			isa = PBXFrameworksBuildPhase;
			buildActionMask = 2147483647;
			files = (
				E2E761FC597D9BCD5FACF502 /* libPods-TRProject.a in Frameworks */,
			);
			runOnlyForDeploymentPostprocessing = 0;
		};
/* End PBXFrameworksBuildPhase section */

/* Begin PBXGroup section */
		0CF7A4891D329815008FBC98 = {
			isa = PBXGroup;
			children = (
				0CF7A4941D329815008FBC98 /* TRProject */,
				0CF7A4931D329815008FBC98 /* Products */,
				C3F8E49F7DD32CA61E390F59 /* Pods */,
				F475DEDBC22812DB160BE573 /* Frameworks */,
			);
			sourceTree = "<group>";
		};
		0CF7A4931D329815008FBC98 /* Products */ = {
			isa = PBXGroup;
			children = (
				0CF7A4921D329815008FBC98 /* TRProject.app */,
			);
			name = Products;
			sourceTree = "<group>";
		};
		0CF7A4941D329815008FBC98 /* TRProject */ = {
			isa = PBXGroup;
			children = (
				86BFCB681E0CDAE4004F4C69 /* Model */,
				86BFCB511E0CDA9E004F4C69 /* ViewController */,
				86BFCB361E0CDA54004F4C69 /* View */,
				86BFCB2C1E0CDA2E004F4C69 /* Category */,
				86BFCB2A1E0CD9FE004F4C69 /* Define */,
				86BFCB231E0CD9C1004F4C69 /* NetManager */,
				86BFCAFC1E0CD824004F4C69 /* ViewModel */,
				0CF7A4981D329815008FBC98 /* AppDelegate.h */,
				0CF7A4991D329815008FBC98 /* AppDelegate.m */,
				86050DC01DFE14A900FB05A3 /* Resource */,
				86050DBE1DFE13C500FB05A3 /* Vendor */,
				0CF7A4951D329815008FBC98 /* Supporting Files */,
			);
			path = TRProject;
			sourceTree = "<group>";
		};
		0CF7A4951D329815008FBC98 /* Supporting Files */ = {
			isa = PBXGroup;
			children = (
				86BFCB711E0CDB1D004F4C69 /* PrefixHeader.pch */,
				0CF7A4A61D329815008FBC98 /* Info.plist */,
				0CF7A4961D329815008FBC98 /* main.m */,
			);
			name = "Supporting Files";
			sourceTree = "<group>";
		};
		86050DBE1DFE13C500FB05A3 /* Vendor */ = {
			isa = PBXGroup;
			children = (
				86050DC71DFE159400FB05A3 /* Test.h */,
				86050DC81DFE159400FB05A3 /* Test.m */,
			);
			path = Vendor;
			sourceTree = "<group>";
		};
		86050DC01DFE14A900FB05A3 /* Resource */ = {
			isa = PBXGroup;
			children = (
				86BFCB041E0CD935004F4C69 /* EffectPicture */,
				86BFCB021E0CD914004F4C69 /* Assets.xcassets */,
				8522AC831DD4509A00222178 /* LaunchScreen.storyboard */,
				8522AC851DD4509A00222178 /* Main.storyboard */,
				86050DE91DFE1B2700FB05A3 /* MainTest.h */,
				86050DEA1DFE1B2700FB05A3 /* MainTest.m */,
			);
			path = Resource;
			sourceTree = "<group>";
		};
		862CCDCF1E12A122001C972E /* RankingListHeaderView */ = {
			isa = PBXGroup;
			children = (
				8639ABEF1E152EC400F7EDC8 /* RankingListHeaderViewCell.h */,
				8639ABF01E152EC400F7EDC8 /* RankingListHeaderViewCell.m */,
			);
			path = RankingListHeaderView;
			sourceTree = "<group>";
		};
		862CCDD01E12A14A001C972E /* RakingListMain */ = {
			isa = PBXGroup;
			children = (
				86BFCB601E0CDA9F004F4C69 /* RankingListVC.h */,
				86BFCB611E0CDA9F004F4C69 /* RankingListVC.m */,
			);
			path = RakingListMain;
			sourceTree = "<group>";
		};
		862CCDD11E12A207001C972E /* RankingListHeader */ = {
			isa = PBXGroup;
			children = (
				8635A5CA1E13D8EE0016EEFA /* RankingListHeaderViewController.h */,
				8635A5CB1E13D8EE0016EEFA /* RankingListHeaderViewController.m */,
			);
			path = RankingListHeader;
			sourceTree = "<group>";
		};
		862CCDD21E12A22F001C972E /* RankingListHeaderViewModel */ = {
			isa = PBXGroup;
			children = (
				8639ABF21E1534CE00F7EDC8 /* RankingListHeaderViewModel.h */,
				8639ABF31E1534CE00F7EDC8 /* RankingListHeaderViewModel.m */,
			);
			path = RankingListHeaderViewModel;
			sourceTree = "<group>";
		};
		862CCDD31E12A32D001C972E /* RankingListHeaderModel */ = {
			isa = PBXGroup;
			children = (
				862CCDD41E12A350001C972E /* RankingListHeaderModel.h */,
				862CCDD51E12A350001C972E /* RankingListHeaderModel.m */,
			);
			path = RankingListHeaderModel;
			sourceTree = "<group>";
		};
		86BFCAFC1E0CD824004F4C69 /* ViewModel */ = {
			isa = PBXGroup;
			children = (
				86BFCAFD1E0CD824004F4C69 /* RankingListViewModel */,
			);
			path = ViewModel;
			sourceTree = "<group>";
		};
		86BFCAFD1E0CD824004F4C69 /* RankingListViewModel */ = {
			isa = PBXGroup;
			children = (
				862CCDD21E12A22F001C972E /* RankingListHeaderViewModel */,
				86BFCAFE1E0CD824004F4C69 /* RankingListMainViewModel */,
			);
			path = RankingListViewModel;
			sourceTree = "<group>";
		};
		86BFCAFE1E0CD824004F4C69 /* RankingListMainViewModel */ = {
			isa = PBXGroup;
			children = (
				86BFCAFF1E0CD89D004F4C69 /* RankingListMainViewModel.h */,
				86BFCB001E0CD89D004F4C69 /* RankingListMainViewModel.m */,
			);
			path = RankingListMainViewModel;
			sourceTree = "<group>";
		};
		86BFCB041E0CD935004F4C69 /* EffectPicture */ = {
			isa = PBXGroup;
			children = (
				86BFCB051E0CD935004F4C69 /* AboutMe.PNG */,
				86BFCB061E0CD935004F4C69 /* AboutMe01.PNG */,
				86BFCB071E0CD935004F4C69 /* Global.PNG */,
				86BFCB081E0CD935004F4C69 /* Global01.PNG */,
				86BFCB091E0CD935004F4C69 /* login.PNG */,
				86BFCB0A1E0CD935004F4C69 /* Main.PNG */,
				86BFCB0B1E0CD935004F4C69 /* Main01.PNG */,
				86BFCB0C1E0CD935004F4C69 /* Main03.PNG */,
				86BFCB0D1E0CD935004F4C69 /* RankingList.PNG */,
				86BFCB0E1E0CD935004F4C69 /* RankingList01.PNG */,
				86BFCB0F1E0CD935004F4C69 /* Regist01.PNG */,
				86BFCB101E0CD935004F4C69 /* Register.PNG */,
			);
			path = EffectPicture;
			sourceTree = "<group>";
		};
		86BFCB231E0CD9C1004F4C69 /* NetManager */ = {
			isa = PBXGroup;
			children = (
				86BFCB241E0CD9C1004F4C69 /* BaseNetManager.h */,
				86BFCB251E0CD9C1004F4C69 /* BaseNetManager.m */,
				86BFCB261E0CD9C1004F4C69 /* NetManager.h */,
				86BFCB271E0CD9C1004F4C69 /* NetManager.m */,
			);
			path = NetManager;
			sourceTree = "<group>";
		};
		86BFCB2A1E0CD9FE004F4C69 /* Define */ = {
			isa = PBXGroup;
			children = (
				86BFCB2B1E0CD9FE004F4C69 /* Constant.h */,
			);
			path = Define;
			sourceTree = "<group>";
		};
		86BFCB2C1E0CDA2E004F4C69 /* Category */ = {
			isa = PBXGroup;
			children = (
				86BFCB2D1E0CDA2E004F4C69 /* NSObject+Parse.h */,
				86BFCB2E1E0CDA2E004F4C69 /* NSObject+Parse.m */,
				86BFCB2F1E0CDA2E004F4C69 /* NSString+YX.h */,
				86BFCB301E0CDA2E004F4C69 /* NSString+YX.m */,
				86BFCB311E0CDA2E004F4C69 /* UIView+HUD.h */,
				86BFCB321E0CDA2E004F4C69 /* UIView+HUD.m */,
			);
			path = Category;
			sourceTree = "<group>";
		};
		86BFCB361E0CDA54004F4C69 /* View */ = {
			isa = PBXGroup;
			children = (
				86BFCB371E0CDA54004F4C69 /* MeiLaCell.h */,
				86BFCB381E0CDA54004F4C69 /* MeiLaCell.m */,
				86BFCB391E0CDA54004F4C69 /* RankingListView */,
			);
			path = View;
			sourceTree = "<group>";
		};
		86BFCB391E0CDA54004F4C69 /* RankingListView */ = {
			isa = PBXGroup;
			children = (
				862CCDCF1E12A122001C972E /* RankingListHeaderView */,
				86BFCB3A1E0CDA54004F4C69 /* RankingListMainView */,
			);
			path = RankingListView;
			sourceTree = "<group>";
		};
		86BFCB3A1E0CDA54004F4C69 /* RankingListMainView */ = {
			isa = PBXGroup;
			children = (
				86BFCB3B1E0CDA54004F4C69 /* RankingListFeatureCell.h */,
				86BFCB3C1E0CDA54004F4C69 /* RankingListFeatureCell.m */,
				86BFCB3D1E0CDA54004F4C69 /* RankingListIcon.h */,
				86BFCB3E1E0CDA54004F4C69 /* RankingListIcon.m */,
				86BFCB3F1E0CDA54004F4C69 /* RankingListKindViewCell.h */,
				86BFCB401E0CDA54004F4C69 /* RankingListKindViewCell.m */,
				86BFCB411E0CDA54004F4C69 /* RankingListMainCell.h */,
				86BFCB421E0CDA54004F4C69 /* RankingListMainCell.m */,
				86BFCB431E0CDA54004F4C69 /* RankingListNationsViewCell.h */,
				86BFCB441E0CDA54004F4C69 /* RankingListNationsViewCell.m */,
				86BFCB451E0CDA54004F4C69 /* RankingListTopCell.h */,
				86BFCB461E0CDA54004F4C69 /* RankingListTopCell.m */,
				86BFCB471E0CDA54004F4C69 /* RankingListTopUVCell.h */,
				86BFCB481E0CDA54004F4C69 /* RankingListTopUVCell.m */,
				862B08A11E11017A00890BCD /* RankingListAdvisersViewCell.h */,
				862B08A21E11017A00890BCD /* RankingListAdvisersViewCell.m */,
				862B08A71E1119C000890BCD /* RankingListAdvisersCell.h */,
				862B08A81E1119C000890BCD /* RankingListAdvisersCell.m */,
				862CCDCC1E126DA3001C972E /* RankingListSearch.h */,
				862CCDCD1E126DA3001C972E /* RankingListSearch.m */,
			);
			path = RankingListMainView;
			sourceTree = "<group>";
		};
		86BFCB511E0CDA9E004F4C69 /* ViewController */ = {
			isa = PBXGroup;
			children = (
				86BFCB521E0CDA9F004F4C69 /* Beautify */,
				86BFCB551E0CDA9F004F4C69 /* Global */,
				86BFCB581E0CDA9F004F4C69 /* Main */,
				86BFCB5B1E0CDA9F004F4C69 /* Me */,
				86BFCB5F1E0CDA9F004F4C69 /* RankingList */,
			);
			path = ViewController;
			sourceTree = "<group>";
		};
		86BFCB521E0CDA9F004F4C69 /* Beautify */ = {
			isa = PBXGroup;
			children = (
				86BFCB531E0CDA9F004F4C69 /* BeautifyViewController.h */,
				86BFCB541E0CDA9F004F4C69 /* BeautifyViewController.m */,
			);
			path = Beautify;
			sourceTree = "<group>";
		};
		86BFCB551E0CDA9F004F4C69 /* Global */ = {
			isa = PBXGroup;
			children = (
				86BFCB561E0CDA9F004F4C69 /* GlobalViewController.h */,
				86BFCB571E0CDA9F004F4C69 /* GlobalViewController.m */,
			);
			path = Global;
			sourceTree = "<group>";
		};
		86BFCB581E0CDA9F004F4C69 /* Main */ = {
			isa = PBXGroup;
			children = (
				86BFCB591E0CDA9F004F4C69 /* MainTabbar.h */,
				86BFCB5A1E0CDA9F004F4C69 /* MainTabbar.m */,
			);
			path = Main;
			sourceTree = "<group>";
		};
		86BFCB5B1E0CDA9F004F4C69 /* Me */ = {
			isa = PBXGroup;
			children = (
				86BFCB5C1E0CDA9F004F4C69 /* MeViewController.h */,
				86BFCB5D1E0CDA9F004F4C69 /* MeViewController.m */,
				862BD3581E1AE8AE0007E87E /* MeViewController.xib */,
			);
			path = Me;
			sourceTree = "<group>";
		};
		86BFCB5F1E0CDA9F004F4C69 /* RankingList */ = {
			isa = PBXGroup;
			children = (
				862CCDD11E12A207001C972E /* RankingListHeader */,
				862CCDD01E12A14A001C972E /* RakingListMain */,
			);
			path = RankingList;
			sourceTree = "<group>";
		};
		86BFCB681E0CDAE4004F4C69 /* Model */ = {
			isa = PBXGroup;
			children = (
				86BFCB691E0CDAE4004F4C69 /* BeautifulModel.h */,
				86BFCB6A1E0CDAE4004F4C69 /* BeautifulModel.m */,
				86BFCB6B1E0CDAE4004F4C69 /* RankingListModel */,
			);
			path = Model;
			sourceTree = "<group>";
		};
		86BFCB6B1E0CDAE4004F4C69 /* RankingListModel */ = {
			isa = PBXGroup;
			children = (
				862CCDD31E12A32D001C972E /* RankingListHeaderModel */,
				86BFCB6C1E0CDAE4004F4C69 /* RankingListMainModel */,
			);
			path = RankingListModel;
			sourceTree = "<group>";
		};
		86BFCB6C1E0CDAE4004F4C69 /* RankingListMainModel */ = {
			isa = PBXGroup;
			children = (
				86BFCB6D1E0CDAE4004F4C69 /* RankingListMainModel.h */,
				86BFCB6E1E0CDAE4004F4C69 /* RankingListMainModel.m */,
			);
			path = RankingListMainModel;
			sourceTree = "<group>";
		};
		C3F8E49F7DD32CA61E390F59 /* Pods */ = {
			isa = PBXGroup;
			children = (
				A1DD1694CEFD692E69C0B93E /* Pods-TRProject.debug.xcconfig */,
				F1FECE22787A15FBD4C7252B /* Pods-TRProject.release.xcconfig */,
			);
			name = Pods;
			sourceTree = "<group>";
		};
		F475DEDBC22812DB160BE573 /* Frameworks */ = {
			isa = PBXGroup;
			children = (
				02DBBB46E6BF364BA46F8C9B /* libPods-TRProject.a */,
			);
			name = Frameworks;
			sourceTree = "<group>";
		};
/* End PBXGroup section */

/* Begin PBXNativeTarget section */
		0CF7A4911D329815008FBC98 /* TRProject */ = {
			isa = PBXNativeTarget;
			buildConfigurationList = 0CF7A4A91D329815008FBC98 /* Build configuration list for PBXNativeTarget "TRProject" */;
			buildPhases = (
				CC33FA544E1FF614CDF09BEF /* [CP] Check Pods Manifest.lock */,
				0CF7A48E1D329815008FBC98 /* Sources */,
				0CF7A48F1D329815008FBC98 /* Frameworks */,
				0CF7A4901D329815008FBC98 /* Resources */,
				D1190F7178E13563C1B7C2EF /* [CP] Embed Pods Frameworks */,
				6EFA0F06F122AA4099A9CE40 /* [CP] Copy Pods Resources */,
			);
			buildRules = (
			);
			dependencies = (
			);
			name = TRProject;
			productName = TRProject;
			productReference = 0CF7A4921D329815008FBC98 /* TRProject.app */;
			productType = "com.apple.product-type.application";
		};
/* End PBXNativeTarget section */

/* Begin PBXProject section */
		0CF7A48A1D329815008FBC98 /* Project object */ = {
			isa = PBXProject;
			attributes = {
				CLASSPREFIX = TR;
				LastUpgradeCheck = 0720;
				ORGANIZATIONNAME = Tedu;
				TargetAttributes = {
					0CF7A4911D329815008FBC98 = {
						CreatedOnToolsVersion = 7.2.1;
					};
				};
			};
			buildConfigurationList = 0CF7A48D1D329815008FBC98 /* Build configuration list for PBXProject "TRProject" */;
			compatibilityVersion = "Xcode 3.2";
			developmentRegion = English;
			hasScannedForEncodings = 0;
			knownRegions = (
				en,
				Base,
			);
			mainGroup = 0CF7A4891D329815008FBC98;
			productRefGroup = 0CF7A4931D329815008FBC98 /* Products */;
			projectDirPath = "";
			projectRoot = "";
			targets = (
				0CF7A4911D329815008FBC98 /* TRProject */,
			);
		};
/* End PBXProject section */

/* Begin PBXResourcesBuildPhase section */
		0CF7A4901D329815008FBC98 /* Resources */ = {
			isa = PBXResourcesBuildPhase;
			buildActionMask = 2147483647;
			files = (
				8522AC871DD4509A00222178 /* LaunchScreen.storyboard in Resources */,
				86BFCB191E0CD935004F4C69 /* RankingList.PNG in Resources */,
				86BFCB141E0CD935004F4C69 /* Global01.PNG in Resources */,
				86BFCB1C1E0CD935004F4C69 /* Register.PNG in Resources */,
				86BFCB131E0CD935004F4C69 /* Global.PNG in Resources */,
				86BFCB161E0CD935004F4C69 /* Main.PNG in Resources */,
				862BD3591E1AE8AE0007E87E /* MeViewController.xib in Resources */,
				86BFCB151E0CD935004F4C69 /* login.PNG in Resources */,
				86BFCB031E0CD914004F4C69 /* Assets.xcassets in Resources */,
				86BFCB1B1E0CD935004F4C69 /* Regist01.PNG in Resources */,
				8522AC881DD4509A00222178 /* Main.storyboard in Resources */,
				86BFCB1A1E0CD935004F4C69 /* RankingList01.PNG in Resources */,
				86BFCB171E0CD935004F4C69 /* Main01.PNG in Resources */,
				86BFCB181E0CD935004F4C69 /* Main03.PNG in Resources */,
				86BFCB121E0CD935004F4C69 /* AboutMe01.PNG in Resources */,
				86BFCB111E0CD935004F4C69 /* AboutMe.PNG in Resources */,
			);
			runOnlyForDeploymentPostprocessing = 0;
		};
/* End PBXResourcesBuildPhase section */

/* Begin PBXShellScriptBuildPhase section */
		6EFA0F06F122AA4099A9CE40 /* [CP] Copy Pods Resources */ = {
			isa = PBXShellScriptBuildPhase;
			buildActionMask = 2147483647;
			files = (
			);
			inputPaths = (
			);
			name = "[CP] Copy Pods Resources";
			outputPaths = (
			);
			runOnlyForDeploymentPostprocessing = 0;
			shellPath = /bin/sh;
			shellScript = "\"${SRCROOT}/Pods/Target Support Files/Pods-TRProject/Pods-TRProject-resources.sh\"\n";
			showEnvVarsInLog = 0;
		};
		CC33FA544E1FF614CDF09BEF /* [CP] Check Pods Manifest.lock */ = {
			isa = PBXShellScriptBuildPhase;
			buildActionMask = 2147483647;
			files = (
			);
			inputPaths = (
			);
			name = "[CP] Check Pods Manifest.lock";
			outputPaths = (
			);
			runOnlyForDeploymentPostprocessing = 0;
			shellPath = /bin/sh;
			shellScript = "diff \"${PODS_ROOT}/../Podfile.lock\" \"${PODS_ROOT}/Manifest.lock\" > /dev/null\nif [[ $? != 0 ]] ; then\n    cat << EOM\nerror: The sandbox is not in sync with the Podfile.lock. Run 'pod install' or update your CocoaPods installation.\nEOM\n    exit 1\nfi\n";
			showEnvVarsInLog = 0;
		};
		D1190F7178E13563C1B7C2EF /* [CP] Embed Pods Frameworks */ = {
			isa = PBXShellScriptBuildPhase;
			buildActionMask = 2147483647;
			files = (
			);
			inputPaths = (
			);
			name = "[CP] Embed Pods Frameworks";
			outputPaths = (
			);
			runOnlyForDeploymentPostprocessing = 0;
			shellPath = /bin/sh;
			shellScript = "\"${SRCROOT}/Pods/Target Support Files/Pods-TRProject/Pods-TRProject-frameworks.sh\"\n";
			showEnvVarsInLog = 0;
		};
/* End PBXShellScriptBuildPhase section */

/* Begin PBXSourcesBuildPhase section */
		0CF7A48E1D329815008FBC98 /* Sources */ = {
			isa = PBXSourcesBuildPhase;
			buildActionMask = 2147483647;
			files = (
				86050DEB1DFE1B2700FB05A3 /* MainTest.m in Sources */,
				86BFCB351E0CDA2E004F4C69 /* UIView+HUD.m in Sources */,
				862CCDCE1E126DA3001C972E /* RankingListSearch.m in Sources */,
				862CCDD61E12A350001C972E /* RankingListHeaderModel.m in Sources */,
				862B08A91E1119C000890BCD /* RankingListAdvisersCell.m in Sources */,
				86BFCB671E0CDA9F004F4C69 /* RankingListVC.m in Sources */,
				86BFCB291E0CD9C1004F4C69 /* NetManager.m in Sources */,
				86BFCB4C1E0CDA54004F4C69 /* RankingListKindViewCell.m in Sources */,
				86BFCB331E0CDA2E004F4C69 /* NSObject+Parse.m in Sources */,
				86BFCB651E0CDA9F004F4C69 /* MeViewController.m in Sources */,
				86BFCB621E0CDA9F004F4C69 /* BeautifyViewController.m in Sources */,
				8639ABF11E152EC400F7EDC8 /* RankingListHeaderViewCell.m in Sources */,
				86BFCB501E0CDA54004F4C69 /* RankingListTopUVCell.m in Sources */,
				86050DC91DFE159400FB05A3 /* Test.m in Sources */,
				86BFCB341E0CDA2E004F4C69 /* NSString+YX.m in Sources */,
				86BFCB281E0CD9C1004F4C69 /* BaseNetManager.m in Sources */,
				86BFCB4E1E0CDA54004F4C69 /* RankingListNationsViewCell.m in Sources */,
				86BFCB4B1E0CDA54004F4C69 /* RankingListIcon.m in Sources */,
				8639ABF41E1534CE00F7EDC8 /* RankingListHeaderViewModel.m in Sources */,
				0CF7A49A1D329815008FBC98 /* AppDelegate.m in Sources */,
				86BFCB631E0CDA9F004F4C69 /* GlobalViewController.m in Sources */,
				86BFCB641E0CDA9F004F4C69 /* MainTabbar.m in Sources */,
				86BFCB4F1E0CDA54004F4C69 /* RankingListTopCell.m in Sources */,
				86BFCB011E0CD89D004F4C69 /* RankingListMainViewModel.m in Sources */,
				8635A5CC1E13D8EE0016EEFA /* RankingListHeaderViewController.m in Sources */,
				86BFCB4D1E0CDA54004F4C69 /* RankingListMainCell.m in Sources */,
				862B08A31E11017A00890BCD /* RankingListAdvisersViewCell.m in Sources */,
				86BFCB4A1E0CDA54004F4C69 /* RankingListFeatureCell.m in Sources */,
				86BFCB6F1E0CDAE4004F4C69 /* BeautifulModel.m in Sources */,
				86BFCB491E0CDA54004F4C69 /* MeiLaCell.m in Sources */,
				0CF7A4971D329815008FBC98 /* main.m in Sources */,
				86BFCB701E0CDAE4004F4C69 /* RankingListMainModel.m in Sources */,
			);
			runOnlyForDeploymentPostprocessing = 0;
		};
/* End PBXSourcesBuildPhase section */

/* Begin PBXVariantGroup section */
		8522AC831DD4509A00222178 /* LaunchScreen.storyboard */ = {
			isa = PBXVariantGroup;
			children = (
				8522AC841DD4509A00222178 /* Base */,
			);
			name = LaunchScreen.storyboard;
			path = ..;
			sourceTree = "<group>";
		};
		8522AC851DD4509A00222178 /* Main.storyboard */ = {
			isa = PBXVariantGroup;
			children = (
				8522AC861DD4509A00222178 /* Base */,
			);
			name = Main.storyboard;
			path = ..;
			sourceTree = "<group>";
		};
/* End PBXVariantGroup section */

/* Begin XCBuildConfiguration section */
		0CF7A4A71D329815008FBC98 /* Debug */ = {
			isa = XCBuildConfiguration;
			buildSettings = {
				ALWAYS_SEARCH_USER_PATHS = NO;
				CLANG_CXX_LANGUAGE_STANDARD = "gnu++0x";
				CLANG_CXX_LIBRARY = "libc++";
				CLANG_ENABLE_MODULES = YES;
				CLANG_ENABLE_OBJC_ARC = YES;
				CLANG_WARN_BOOL_CONVERSION = YES;
				CLANG_WARN_CONSTANT_CONVERSION = YES;
				CLANG_WARN_DIRECT_OBJC_ISA_USAGE = YES_ERROR;
				CLANG_WARN_EMPTY_BODY = YES;
				CLANG_WARN_ENUM_CONVERSION = YES;
				CLANG_WARN_INT_CONVERSION = YES;
				CLANG_WARN_OBJC_ROOT_CLASS = YES_ERROR;
				CLANG_WARN_UNREACHABLE_CODE = YES;
				CLANG_WARN__DUPLICATE_METHOD_MATCH = YES;
				"CODE_SIGN_IDENTITY[sdk=iphoneos*]" = "iPhone Developer";
				COPY_PHASE_STRIP = NO;
				DEBUG_INFORMATION_FORMAT = dwarf;
				ENABLE_STRICT_OBJC_MSGSEND = YES;
				ENABLE_TESTABILITY = YES;
				GCC_C_LANGUAGE_STANDARD = gnu99;
				GCC_DYNAMIC_NO_PIC = NO;
				GCC_NO_COMMON_BLOCKS = YES;
				GCC_OPTIMIZATION_LEVEL = 0;
				GCC_PREPROCESSOR_DEFINITIONS = (
					"DEBUG=1",
					"$(inherited)",
				);
				GCC_WARN_64_TO_32_BIT_CONVERSION = YES;
				GCC_WARN_ABOUT_RETURN_TYPE = YES_ERROR;
				GCC_WARN_UNDECLARED_SELECTOR = YES;
				GCC_WARN_UNINITIALIZED_AUTOS = YES_AGGRESSIVE;
				GCC_WARN_UNUSED_FUNCTION = YES;
				GCC_WARN_UNUSED_VARIABLE = YES;
				IPHONEOS_DEPLOYMENT_TARGET = 9.2;
				MTL_ENABLE_DEBUG_INFO = YES;
				ONLY_ACTIVE_ARCH = YES;
				SDKROOT = iphoneos;
			};
			name = Debug;
		};
		0CF7A4A81D329815008FBC98 /* Release */ = {
			isa = XCBuildConfiguration;
			buildSettings = {
				ALWAYS_SEARCH_USER_PATHS = NO;
				CLANG_CXX_LANGUAGE_STANDARD = "gnu++0x";
				CLANG_CXX_LIBRARY = "libc++";
				CLANG_ENABLE_MODULES = YES;
				CLANG_ENABLE_OBJC_ARC = YES;
				CLANG_WARN_BOOL_CONVERSION = YES;
				CLANG_WARN_CONSTANT_CONVERSION = YES;
				CLANG_WARN_DIRECT_OBJC_ISA_USAGE = YES_ERROR;
				CLANG_WARN_EMPTY_BODY = YES;
				CLANG_WARN_ENUM_CONVERSION = YES;
				CLANG_WARN_INT_CONVERSION = YES;
				CLANG_WARN_OBJC_ROOT_CLASS = YES_ERROR;
				CLANG_WARN_UNREACHABLE_CODE = YES;
				CLANG_WARN__DUPLICATE_METHOD_MATCH = YES;
				"CODE_SIGN_IDENTITY[sdk=iphoneos*]" = "iPhone Developer";
				COPY_PHASE_STRIP = NO;
				DEBUG_INFORMATION_FORMAT = "dwarf-with-dsym";
				ENABLE_NS_ASSERTIONS = NO;
				ENABLE_STRICT_OBJC_MSGSEND = YES;
				GCC_C_LANGUAGE_STANDARD = gnu99;
				GCC_NO_COMMON_BLOCKS = YES;
				GCC_WARN_64_TO_32_BIT_CONVERSION = YES;
				GCC_WARN_ABOUT_RETURN_TYPE = YES_ERROR;
				GCC_WARN_UNDECLARED_SELECTOR = YES;
				GCC_WARN_UNINITIALIZED_AUTOS = YES_AGGRESSIVE;
				GCC_WARN_UNUSED_FUNCTION = YES;
				GCC_WARN_UNUSED_VARIABLE = YES;
				IPHONEOS_DEPLOYMENT_TARGET = 9.2;
				MTL_ENABLE_DEBUG_INFO = NO;
				SDKROOT = iphoneos;
				VALIDATE_PRODUCT = YES;
			};
			name = Release;
		};
		0CF7A4AA1D329815008FBC98 /* Debug */ = {
			isa = XCBuildConfiguration;
			baseConfigurationReference = A1DD1694CEFD692E69C0B93E /* Pods-TRProject.debug.xcconfig */;
			buildSettings = {
				ASSETCATALOG_COMPILER_APPICON_NAME = AppIcon;
				GCC_PREFIX_HEADER = "$(PRODUCT_NAME)/PrefixHeader.pch";
				INFOPLIST_FILE = TRProject/Info.plist;
				IPHONEOS_DEPLOYMENT_TARGET = 8.0;
				LD_RUNPATH_SEARCH_PATHS = "$(inherited) @executable_path/Frameworks";
				PRODUCT_BUNDLE_IDENTIFIER = yingxin.TRProject;
				PRODUCT_NAME = "$(TARGET_NAME)";
			};
			name = Debug;
		};
		0CF7A4AB1D329815008FBC98 /* Release */ = {
			isa = XCBuildConfiguration;
			baseConfigurationReference = F1FECE22787A15FBD4C7252B /* Pods-TRProject.release.xcconfig */;
			buildSettings = {
				ASSETCATALOG_COMPILER_APPICON_NAME = AppIcon;
				GCC_PREFIX_HEADER = "$(PRODUCT_NAME)/PrefixHeader.pch";
				INFOPLIST_FILE = TRProject/Info.plist;
				IPHONEOS_DEPLOYMENT_TARGET = 8.0;
				LD_RUNPATH_SEARCH_PATHS = "$(inherited) @executable_path/Frameworks";
				PRODUCT_BUNDLE_IDENTIFIER = yingxin.TRProject;
				PRODUCT_NAME = "$(TARGET_NAME)";
			};
			name = Release;
		};
/* End XCBuildConfiguration section */

/* Begin XCConfigurationList section */
		0CF7A48D1D329815008FBC98 /* Build configuration list for PBXProject "TRProject" */ = {
			isa = XCConfigurationList;
			buildConfigurations = (
				0CF7A4A71D329815008FBC98 /* Debug */,
				0CF7A4A81D329815008FBC98 /* Release */,
			);
			defaultConfigurationIsVisible = 0;
			defaultConfigurationName = Release;
		};
		0CF7A4A91D329815008FBC98 /* Build configuration list for PBXNativeTarget "TRProject" */ = {
			isa = XCConfigurationList;
			buildConfigurations = (
				0CF7A4AA1D329815008FBC98 /* Debug */,
				0CF7A4AB1D329815008FBC98 /* Release */,
			);
			defaultConfigurationIsVisible = 0;
			defaultConfigurationName = Release;
		};
/* End XCConfigurationList section */
	};
	rootObject = 0CF7A48A1D329815008FBC98 /* Project object */;
}
